
Microsoft Visual Studio Solution File, Format Version 11.00
# Visual Studio 2010
Project("{FAE04EC0-301F-11D3-BF4B-00C04F79EFBC}") = "w3w", "Assembly-CSharp.csproj", "{32DD680F-B8BC-6C56-E88D-E36EB76010E7}"
EndProject
Project("{FAE04EC0-301F-11D3-BF4B-00C04F79EFBC}") = "w3w", "Assembly-CSharp-Editor.csproj", "{1F7EA0EA-4F28-2863-CAA9-2395A431E7CE}"
EndProject
Global
	GlobalSection(SolutionConfigurationPlatforms) = preSolution
		Debug|Any CPU = Debug|Any CPU
		Release|Any CPU = Release|Any CPU
	EndGlobalSection
	GlobalSection(ProjectConfigurationPlatforms) = postSolution
		{32DD680F-B8BC-6C56-E88D-E36EB76010E7}.Debug|Any CPU.ActiveCfg = Debug|Any CPU
		{32DD680F-B8BC-6C56-E88D-E36EB76010E7}.Debug|Any CPU.Build.0 = Debug|Any CPU
		{32DD680F-B8BC-6C56-E88D-E36EB76010E7}.Release|Any CPU.ActiveCfg = Release|Any CPU
		{32DD680F-B8BC-6C56-E88D-E36EB76010E7}.Release|Any CPU.Build.0 = Release|Any CPU
		{1F7EA0EA-4F28-2863-CAA9-2395A431E7CE}.Debug|Any CPU.ActiveCfg = Debug|Any CPU
		{1F7EA0EA-4F28-2863-CAA9-2395A431E7CE}.Debug|Any CPU.Build.0 = Debug|Any CPU
		{1F7EA0EA-4F28-2863-CAA9-2395A431E7CE}.Release|Any CPU.ActiveCfg = Release|Any CPU
		{1F7EA0EA-4F28-2863-CAA9-2395A431E7CE}.Release|Any CPU.Build.0 = Release|Any CPU
	EndGlobalSection
	GlobalSection(SolutionProperties) = preSolution
		HideSolutionNode = FALSE
	EndGlobalSection
	GlobalSection(MonoDevelopProperties) = preSolution
		StartupItem = Assembly-CSharp.csproj
	EndGlobalSection
EndGlobal
